
Microsoft Visual Studio Solution File, Format Version 12.00
# Visual Studio Version 17
VisualStudioVersion = 17.4.33213.308
MinimumVisualStudioVersion = 10.0.40219.1
Project("{FAE04EC0-301F-11D3-BF4B-00C04F79EFBC}") = "StudentCRUDWeb", "StudentCRUDWeb\StudentCRUDWeb.csproj", "{03B635E2-429A-4B55-976B-214D3EF78D4B}"
EndProject
Project("{FAE04EC0-301F-11D3-BF4B-00C04F79EFBC}") = "StudentCRUDWeb.Entities", "StudentCRUDWeb.Entity\StudentCRUDWeb.Entities.csproj", "{38996CB5-C5B8-4632-911D-87556D598689}"
EndProject
Project("{FAE04EC0-301F-11D3-BF4B-00C04F79EFBC}") = "StudentCRUDWeb.Repositories", "StudentCRUDWeb.Repositories\StudentCRUDWeb.Repositories.csproj", "{66D6AE38-0002-4C99-A910-3D8D4527A0A3}"
EndProject
Global
	GlobalSection(SolutionConfigurationPlatforms) = preSolution
		Debug|Any CPU = Debug|Any CPU
		Release|Any CPU = Release|Any CPU
	EndGlobalSection
	GlobalSection(ProjectConfigurationPlatforms) = postSolution
		{03B635E2-429A-4B55-976B-214D3EF78D4B}.Debug|Any CPU.ActiveCfg = Debug|Any CPU
		{03B635E2-429A-4B55-976B-214D3EF78D4B}.Debug|Any CPU.Build.0 = Debug|Any CPU
		{03B635E2-429A-4B55-976B-214D3EF78D4B}.Release|Any CPU.ActiveCfg = Release|Any CPU
		{03B635E2-429A-4B55-976B-214D3EF78D4B}.Release|Any CPU.Build.0 = Release|Any CPU
		{38996CB5-C5B8-4632-911D-87556D598689}.Debug|Any CPU.ActiveCfg = Debug|Any CPU
		{38996CB5-C5B8-4632-911D-87556D598689}.Debug|Any CPU.Build.0 = Debug|Any CPU
		{38996CB5-C5B8-4632-911D-87556D598689}.Release|Any CPU.ActiveCfg = Release|Any CPU
		{38996CB5-C5B8-4632-911D-87556D598689}.Release|Any CPU.Build.0 = Release|Any CPU
		{66D6AE38-0002-4C99-A910-3D8D4527A0A3}.Debug|Any CPU.ActiveCfg = Debug|Any CPU
		{66D6AE38-0002-4C99-A910-3D8D4527A0A3}.Debug|Any CPU.Build.0 = Debug|Any CPU
		{66D6AE38-0002-4C99-A910-3D8D4527A0A3}.Release|Any CPU.ActiveCfg = Release|Any CPU
		{66D6AE38-0002-4C99-A910-3D8D4527A0A3}.Release|Any CPU.Build.0 = Release|Any CPU
	EndGlobalSection
	GlobalSection(SolutionProperties) = preSolution
		HideSolutionNode = FALSE
	EndGlobalSection
	GlobalSection(ExtensibilityGlobals) = postSolution
		SolutionGuid = {B7DFC6C8-FD5B-4F73-8EBD-700DFB882180}
	EndGlobalSection
EndGlobal
